schema: '2.0'
stages:
  data_ingestion:
    cmd: python src/data_ingestion.py
    deps:
    - path: src/data_ingestion.py
      hash: md5
      md5: 768400e9cde146ce47ec85a79acc86a4
      size: 3575
    params:
      params.yaml:
        data_ingestion.test_size: 0.1
    outs:
    - path: data/raw
      hash: md5
      md5: 9097e041a34df9054caed15688df1464.dir
      size: 484846
      nfiles: 2
  data_preprocessing:
    cmd: python src/data_preprocessing.py
    deps:
    - path: data/raw
      hash: md5
      md5: 9097e041a34df9054caed15688df1464.dir
      size: 484846
      nfiles: 2
    - path: src/data_preprocessing.py
      hash: md5
      md5: ae0059b79590609927f72e3c373f1865
      size: 3973
    outs:
    - path: data/interim
      hash: md5
      md5: 372e18bfa771372d41b683bc64b32377.dir
      size: 257605
      nfiles: 2
  feature_eng:
    cmd: python src/feature_eng.py
    deps:
    - path: data/interim
      hash: md5
      md5: 372e18bfa771372d41b683bc64b32377.dir
      size: 257605
      nfiles: 2
    - path: src/feature_eng.py
      hash: md5
      md5: 2f6b3f0a42c15aa3fc8fe678b46cb3d2
      size: 3875
    params:
      params.yaml:
        feature_eng.max_features: 45
    outs:
    - path: data/processed
      hash: md5
      md5: bf60ff2debc17ed2c8d6bb1fcabc0491.dir
      size: 1058834
      nfiles: 2
  model_training:
    cmd: python src/model_training.py
    deps:
    - path: data/processed
      hash: md5
      md5: bf60ff2debc17ed2c8d6bb1fcabc0491.dir
      size: 1058834
      nfiles: 2
    - path: src/model_training.py
      hash: md5
      md5: ce139cb7fc4debcb7b11a9f84dcaab72
      size: 4500
    params:
      params.yaml:
        model_training.n_estimators: 25
        model_training.random_state: 2
    outs:
    - path: models/model.pkl
      hash: md5
      md5: 7bd97c2a033cac450638d0c1eb58e5f7
      size: 1079095
  model_evaluation:
    cmd: python src/model_evaluation.py
    deps:
    - path: models/model.pkl
      hash: md5
      md5: 7bd97c2a033cac450638d0c1eb58e5f7
      size: 1079095
    - path: src/model_evaluation.py
      hash: md5
      md5: 1c2c9db2048727fcb753bf74b486b9b4
      size: 4596
    outs:
    - path: reports/metrics.json
      hash: md5
      md5: f0ca8a7c30d338554d63b7d54f0cbf47
      size: 145
